
Microsoft Visual Studio Solution File, Format Version 11.00
# Visual Studio 2010
Project("{FAE04EC0-301F-11D3-BF4B-00C04F79EFBC}") = "MyWorldEditor", "MyWorldEditor\MyWorldEditor.csproj", "{98007631-5234-44DD-ABB1-638E617288F5}"
EndProject
Global
	GlobalSection(TeamFoundationVersionControl) = preSolution
		SccNumberOfProjects = 2
		SccEnterpriseProvider = {4CA58AB2-18FA-4F8D-95D4-32DDF27D184C}
		SccTeamFoundationServer = http://toweliewin7x64:8080/tfs/game
		SccLocalPath0 = .
		SccProjectUniqueName1 = MyWorldEditor\\MyWorldEditor.csproj
		SccProjectName1 = MyWorldEditor
		SccLocalPath1 = MyWorldEditor
	EndGlobalSection
	GlobalSection(SolutionConfigurationPlatforms) = preSolution
		Debug|x86 = Debug|x86
		Release|x86 = Release|x86
	EndGlobalSection
	GlobalSection(ProjectConfigurationPlatforms) = postSolution
		{98007631-5234-44DD-ABB1-638E617288F5}.Debug|x86.ActiveCfg = Debug|x86
		{98007631-5234-44DD-ABB1-638E617288F5}.Debug|x86.Build.0 = Debug|x86
		{98007631-5234-44DD-ABB1-638E617288F5}.Release|x86.ActiveCfg = Release|x86
		{98007631-5234-44DD-ABB1-638E617288F5}.Release|x86.Build.0 = Release|x86
	EndGlobalSection
	GlobalSection(SolutionProperties) = preSolution
		HideSolutionNode = FALSE
	EndGlobalSection
EndGlobal
